
Microsoft Visual Studio Solution File, Format Version 12.00
# Visual Studio Version 17
VisualStudioVersion = 17.14.36811.4
MinimumVisualStudioVersion = 10.0.40219.1
Project("{FAE04EC0-301F-11D3-BF4B-00C04F79EFBC}") = "ERP.Api", "ERP.Api\ERP.Api.csproj", "{CE7C302D-604F-41B9-9435-1C35149A3923}"
EndProject
Project("{2150E333-8FDC-42A3-9474-1A3956D46DE8}") = "ERP.Accounting", "ERP.Accounting", "{02EA681E-C7D8-13C7-8484-4AC65E1B71E8}"
EndProject
Project("{FAE04EC0-301F-11D3-BF4B-00C04F79EFBC}") = "ERP.Accounting.Application", "ERP.Accounting.Application\ERP.Accounting.Application.csproj", "{921A4488-81BB-46C0-99DD-1FB5FB33CE96}"
EndProject
Project("{FAE04EC0-301F-11D3-BF4B-00C04F79EFBC}") = "ERP.Accounting.Domain", "ERP.Accounting.Domain\ERP.Accounting.Domain.csproj", "{03A634B4-9521-47FC-A07F-F5DB6A338A5B}"
EndProject
Project("{FAE04EC0-301F-11D3-BF4B-00C04F79EFBC}") = "ERP.Accounting.Infrastructure", "ERP.Accounting.Infrastructure\ERP.Accounting.Infrastructure.csproj", "{199A1435-87C3-4F20-ADF7-F5B681C91195}"
EndProject
Project("{2150E333-8FDC-42A3-9474-1A3956D46DE8}") = "ERP.Commercial", "ERP.Commercial", "{3DDDE34C-4C70-402D-913C-398D5ADE06FE}"
EndProject
Project("{FAE04EC0-301F-11D3-BF4B-00C04F79EFBC}") = "ERP.Commercial.Application", "ERP.Commercial.Application\ERP.Commercial.Application.csproj", "{17AD3E91-B35F-48F3-8453-5799469F3C99}"
EndProject
Project("{FAE04EC0-301F-11D3-BF4B-00C04F79EFBC}") = "ERP.Commercial.Domain", "ERP.Commercial.Domain\ERP.Commercial.Domain.csproj", "{1851B2C3-503D-4E6B-BC26-0B2278F88104}"
EndProject
Project("{FAE04EC0-301F-11D3-BF4B-00C04F79EFBC}") = "ERP.Commercial.Infrastructure", "ERP.Commercial.Infrastructure\ERP.Commercial.Infrastructure.csproj", "{87957520-EE9C-4205-9321-12D111493E3B}"
EndProject
Project("{2150E333-8FDC-42A3-9474-1A3956D46DE8}") = "ERP.Identity", "ERP.Identity", "{76769A55-7804-480C-AFD3-D7D03BF73B3B}"
EndProject
Project("{2150E333-8FDC-42A3-9474-1A3956D46DE8}") = "ERP.Payroll", "ERP.Payroll", "{86E56B2C-B5C1-4D03-854C-A4D5640F3CE4}"
EndProject
Project("{FAE04EC0-301F-11D3-BF4B-00C04F79EFBC}") = "ERP.Identity.Application", "ERP.Identity.Application\ERP.Identity.Application.csproj", "{04786E53-CF1D-4FD6-A8A8-E9393E0B6B05}"
EndProject
Project("{FAE04EC0-301F-11D3-BF4B-00C04F79EFBC}") = "ERP.Identity.Domain", "ERP.Identity.Domain\ERP.Identity.Domain.csproj", "{ACCB1D32-F290-488E-9BF5-FADD6F6B16EC}"
EndProject
Project("{FAE04EC0-301F-11D3-BF4B-00C04F79EFBC}") = "ERP.Identity.Infrastructure", "ERP.Identity.Infrastructure\ERP.Identity.Infrastructure.csproj", "{1EDA0FB2-556B-47FD-9F6E-E4539BAE378D}"
EndProject
Project("{FAE04EC0-301F-11D3-BF4B-00C04F79EFBC}") = "ERP.Payroll.Application", "ERP.Payroll.Application\ERP.Payroll.Application.csproj", "{66A551CD-97FE-4FC4-A618-B6AC3B37D437}"
EndProject
Project("{FAE04EC0-301F-11D3-BF4B-00C04F79EFBC}") = "ERP.Payroll.Domain", "ERP.Payroll.Domain\ERP.Payroll.Domain.csproj", "{46513EFE-0C76-46EB-9197-23613654CBA8}"
EndProject
Project("{FAE04EC0-301F-11D3-BF4B-00C04F79EFBC}") = "ERP.Payroll.Infrastructure", "ERP.Payroll.Infrastructure\ERP.Payroll.Infrastructure.csproj", "{7D554BFB-E4A6-4FA8-94CF-EB8FE0AC2751}"
EndProject
Project("{FAE04EC0-301F-11D3-BF4B-00C04F79EFBC}") = "ERP.Shared", "ERP.Shared\ERP.Shared.csproj", "{07BF0B2B-171B-4C50-AEEF-B1384F540849}"
EndProject
Global
	GlobalSection(SolutionConfigurationPlatforms) = preSolution
		Debug|Any CPU = Debug|Any CPU
		Release|Any CPU = Release|Any CPU
	EndGlobalSection
	GlobalSection(ProjectConfigurationPlatforms) = postSolution
		{CE7C302D-604F-41B9-9435-1C35149A3923}.Debug|Any CPU.ActiveCfg = Debug|Any CPU
		{CE7C302D-604F-41B9-9435-1C35149A3923}.Debug|Any CPU.Build.0 = Debug|Any CPU
		{CE7C302D-604F-41B9-9435-1C35149A3923}.Release|Any CPU.ActiveCfg = Release|Any CPU
		{CE7C302D-604F-41B9-9435-1C35149A3923}.Release|Any CPU.Build.0 = Release|Any CPU
		{921A4488-81BB-46C0-99DD-1FB5FB33CE96}.Debug|Any CPU.ActiveCfg = Debug|Any CPU
		{921A4488-81BB-46C0-99DD-1FB5FB33CE96}.Debug|Any CPU.Build.0 = Debug|Any CPU
		{921A4488-81BB-46C0-99DD-1FB5FB33CE96}.Release|Any CPU.ActiveCfg = Release|Any CPU
		{921A4488-81BB-46C0-99DD-1FB5FB33CE96}.Release|Any CPU.Build.0 = Release|Any CPU
		{03A634B4-9521-47FC-A07F-F5DB6A338A5B}.Debug|Any CPU.ActiveCfg = Debug|Any CPU
		{03A634B4-9521-47FC-A07F-F5DB6A338A5B}.Debug|Any CPU.Build.0 = Debug|Any CPU
		{03A634B4-9521-47FC-A07F-F5DB6A338A5B}.Release|Any CPU.ActiveCfg = Release|Any CPU
		{03A634B4-9521-47FC-A07F-F5DB6A338A5B}.Release|Any CPU.Build.0 = Release|Any CPU
		{199A1435-87C3-4F20-ADF7-F5B681C91195}.Debug|Any CPU.ActiveCfg = Debug|Any CPU
		{199A1435-87C3-4F20-ADF7-F5B681C91195}.Debug|Any CPU.Build.0 = Debug|Any CPU
		{199A1435-87C3-4F20-ADF7-F5B681C91195}.Release|Any CPU.ActiveCfg = Release|Any CPU
		{199A1435-87C3-4F20-ADF7-F5B681C91195}.Release|Any CPU.Build.0 = Release|Any CPU
		{17AD3E91-B35F-48F3-8453-5799469F3C99}.Debug|Any CPU.ActiveCfg = Debug|Any CPU
		{17AD3E91-B35F-48F3-8453-5799469F3C99}.Debug|Any CPU.Build.0 = Debug|Any CPU
		{17AD3E91-B35F-48F3-8453-5799469F3C99}.Release|Any CPU.ActiveCfg = Release|Any CPU
		{17AD3E91-B35F-48F3-8453-5799469F3C99}.Release|Any CPU.Build.0 = Release|Any CPU
		{1851B2C3-503D-4E6B-BC26-0B2278F88104}.Debug|Any CPU.ActiveCfg = Debug|Any CPU
		{1851B2C3-503D-4E6B-BC26-0B2278F88104}.Debug|Any CPU.Build.0 = Debug|Any CPU
		{1851B2C3-503D-4E6B-BC26-0B2278F88104}.Release|Any CPU.ActiveCfg = Release|Any CPU
		{1851B2C3-503D-4E6B-BC26-0B2278F88104}.Release|Any CPU.Build.0 = Release|Any CPU
		{87957520-EE9C-4205-9321-12D111493E3B}.Debug|Any CPU.ActiveCfg = Debug|Any CPU
		{87957520-EE9C-4205-9321-12D111493E3B}.Debug|Any CPU.Build.0 = Debug|Any CPU
		{87957520-EE9C-4205-9321-12D111493E3B}.Release|Any CPU.ActiveCfg = Release|Any CPU
		{87957520-EE9C-4205-9321-12D111493E3B}.Release|Any CPU.Build.0 = Release|Any CPU
		{04786E53-CF1D-4FD6-A8A8-E9393E0B6B05}.Debug|Any CPU.ActiveCfg = Debug|Any CPU
		{04786E53-CF1D-4FD6-A8A8-E9393E0B6B05}.Debug|Any CPU.Build.0 = Debug|Any CPU
		{04786E53-CF1D-4FD6-A8A8-E9393E0B6B05}.Release|Any CPU.ActiveCfg = Release|Any CPU
		{04786E53-CF1D-4FD6-A8A8-E9393E0B6B05}.Release|Any CPU.Build.0 = Release|Any CPU
		{ACCB1D32-F290-488E-9BF5-FADD6F6B16EC}.Debug|Any CPU.ActiveCfg = Debug|Any CPU
		{ACCB1D32-F290-488E-9BF5-FADD6F6B16EC}.Debug|Any CPU.Build.0 = Debug|Any CPU
		{ACCB1D32-F290-488E-9BF5-FADD6F6B16EC}.Release|Any CPU.ActiveCfg = Release|Any CPU
		{ACCB1D32-F290-488E-9BF5-FADD6F6B16EC}.Release|Any CPU.Build.0 = Release|Any CPU
		{1EDA0FB2-556B-47FD-9F6E-E4539BAE378D}.Debug|Any CPU.ActiveCfg = Debug|Any CPU
		{1EDA0FB2-556B-47FD-9F6E-E4539BAE378D}.Debug|Any CPU.Build.0 = Debug|Any CPU
		{1EDA0FB2-556B-47FD-9F6E-E4539BAE378D}.Release|Any CPU.ActiveCfg = Release|Any CPU
		{1EDA0FB2-556B-47FD-9F6E-E4539BAE378D}.Release|Any CPU.Build.0 = Release|Any CPU
		{66A551CD-97FE-4FC4-A618-B6AC3B37D437}.Debug|Any CPU.ActiveCfg = Debug|Any CPU
		{66A551CD-97FE-4FC4-A618-B6AC3B37D437}.Debug|Any CPU.Build.0 = Debug|Any CPU
		{66A551CD-97FE-4FC4-A618-B6AC3B37D437}.Release|Any CPU.ActiveCfg = Release|Any CPU
		{66A551CD-97FE-4FC4-A618-B6AC3B37D437}.Release|Any CPU.Build.0 = Release|Any CPU
		{46513EFE-0C76-46EB-9197-23613654CBA8}.Debug|Any CPU.ActiveCfg = Debug|Any CPU
		{46513EFE-0C76-46EB-9197-23613654CBA8}.Debug|Any CPU.Build.0 = Debug|Any CPU
		{46513EFE-0C76-46EB-9197-23613654CBA8}.Release|Any CPU.ActiveCfg = Release|Any CPU
		{46513EFE-0C76-46EB-9197-23613654CBA8}.Release|Any CPU.Build.0 = Release|Any CPU
		{7D554BFB-E4A6-4FA8-94CF-EB8FE0AC2751}.Debug|Any CPU.ActiveCfg = Debug|Any CPU
		{7D554BFB-E4A6-4FA8-94CF-EB8FE0AC2751}.Debug|Any CPU.Build.0 = Debug|Any CPU
		{7D554BFB-E4A6-4FA8-94CF-EB8FE0AC2751}.Release|Any CPU.ActiveCfg = Release|Any CPU
		{7D554BFB-E4A6-4FA8-94CF-EB8FE0AC2751}.Release|Any CPU.Build.0 = Release|Any CPU
		{07BF0B2B-171B-4C50-AEEF-B1384F540849}.Debug|Any CPU.ActiveCfg = Debug|Any CPU
		{07BF0B2B-171B-4C50-AEEF-B1384F540849}.Debug|Any CPU.Build.0 = Debug|Any CPU
		{07BF0B2B-171B-4C50-AEEF-B1384F540849}.Release|Any CPU.ActiveCfg = Release|Any CPU
		{07BF0B2B-171B-4C50-AEEF-B1384F540849}.Release|Any CPU.Build.0 = Release|Any CPU
	EndGlobalSection
	GlobalSection(SolutionProperties) = preSolution
		HideSolutionNode = FALSE
	EndGlobalSection
	GlobalSection(NestedProjects) = preSolution
		{921A4488-81BB-46C0-99DD-1FB5FB33CE96} = {02EA681E-C7D8-13C7-8484-4AC65E1B71E8}
		{03A634B4-9521-47FC-A07F-F5DB6A338A5B} = {02EA681E-C7D8-13C7-8484-4AC65E1B71E8}
		{199A1435-87C3-4F20-ADF7-F5B681C91195} = {02EA681E-C7D8-13C7-8484-4AC65E1B71E8}
		{17AD3E91-B35F-48F3-8453-5799469F3C99} = {3DDDE34C-4C70-402D-913C-398D5ADE06FE}
		{1851B2C3-503D-4E6B-BC26-0B2278F88104} = {3DDDE34C-4C70-402D-913C-398D5ADE06FE}
		{87957520-EE9C-4205-9321-12D111493E3B} = {3DDDE34C-4C70-402D-913C-398D5ADE06FE}
		{04786E53-CF1D-4FD6-A8A8-E9393E0B6B05} = {76769A55-7804-480C-AFD3-D7D03BF73B3B}
		{ACCB1D32-F290-488E-9BF5-FADD6F6B16EC} = {76769A55-7804-480C-AFD3-D7D03BF73B3B}
		{1EDA0FB2-556B-47FD-9F6E-E4539BAE378D} = {76769A55-7804-480C-AFD3-D7D03BF73B3B}
		{66A551CD-97FE-4FC4-A618-B6AC3B37D437} = {86E56B2C-B5C1-4D03-854C-A4D5640F3CE4}
		{46513EFE-0C76-46EB-9197-23613654CBA8} = {86E56B2C-B5C1-4D03-854C-A4D5640F3CE4}
		{7D554BFB-E4A6-4FA8-94CF-EB8FE0AC2751} = {86E56B2C-B5C1-4D03-854C-A4D5640F3CE4}
	EndGlobalSection
	GlobalSection(ExtensibilityGlobals) = postSolution
		SolutionGuid = {60A62980-F023-451A-80D5-01D687EBFB96}
	EndGlobalSection
EndGlobal
